
Microsoft Visual Studio Solution File, Format Version 12.00
# Visual Studio Version 17
VisualStudioVersion = 17.5.002.0
MinimumVisualStudioVersion = 10.0.40219.1
Project("{9A19103F-16F7-4668-BE54-9A1E7A4F7556}") = "HelpDesk", "HelpDesk.csproj", "{E4105C7C-9513-4C1B-8227-1795564E309D}"
EndProject
Global
	GlobalSection(SolutionConfigurationPlatforms) = preSolution
		Debug|Any CPU = Debug|Any CPU
		Release|Any CPU = Release|Any CPU
	EndGlobalSection
	GlobalSection(ProjectConfigurationPlatforms) = postSolution
		{E4105C7C-9513-4C1B-8227-1795564E309D}.Debug|Any CPU.ActiveCfg = Debug|Any CPU
		{E4105C7C-9513-4C1B-8227-1795564E309D}.Debug|Any CPU.Build.0 = Debug|Any CPU
		{E4105C7C-9513-4C1B-8227-1795564E309D}.Release|Any CPU.ActiveCfg = Release|Any CPU
		{E4105C7C-9513-4C1B-8227-1795564E309D}.Release|Any CPU.Build.0 = Release|Any CPU
	EndGlobalSection
	GlobalSection(SolutionProperties) = preSolution
		HideSolutionNode = FALSE
	EndGlobalSection
	GlobalSection(ExtensibilityGlobals) = postSolution
		SolutionGuid = {9F708087-9D68-4F15-8BC4-CAC419CCB416}
	EndGlobalSection
EndGlobal
